
Microsoft Visual Studio Solution File, Format Version 12.00
# Visual Studio 15
VisualStudioVersion = 15.0.27703.2035
MinimumVisualStudioVersion = 10.0.40219.1
Project("{FAE04EC0-301F-11D3-BF4B-00C04F79EFBC}") = "socialApi", "socialApi\socialApi.csproj", "{CD79A1F6-954E-4B16-9E8F-70A4A1DC0CAF}"
EndProject
Global
	GlobalSection(SolutionConfigurationPlatforms) = preSolution
		Debug|Any CPU = Debug|Any CPU
		Release|Any CPU = Release|Any CPU
	EndGlobalSection
	GlobalSection(ProjectConfigurationPlatforms) = postSolution
		{CD79A1F6-954E-4B16-9E8F-70A4A1DC0CAF}.Debug|Any CPU.ActiveCfg = Debug|Any CPU
		{CD79A1F6-954E-4B16-9E8F-70A4A1DC0CAF}.Debug|Any CPU.Build.0 = Debug|Any CPU
		{CD79A1F6-954E-4B16-9E8F-70A4A1DC0CAF}.Release|Any CPU.ActiveCfg = Release|Any CPU
		{CD79A1F6-954E-4B16-9E8F-70A4A1DC0CAF}.Release|Any CPU.Build.0 = Release|Any CPU
	EndGlobalSection
	GlobalSection(SolutionProperties) = preSolution
		HideSolutionNode = FALSE
	EndGlobalSection
	GlobalSection(ExtensibilityGlobals) = postSolution
		SolutionGuid = {073B5F97-1827-4CCA-B612-33D6C4F3B37A}
	EndGlobalSection
EndGlobal
